
Microsoft Visual Studio Solution File, Format Version 12.00
# Visual Studio Version 17
VisualStudioVersion = 17.10.35004.147
MinimumVisualStudioVersion = 10.0.40219.1
Project("{9A19103F-16F7-4668-BE54-9A1E7A4F7556}") = "Renderer", "VoxelRayCaster\Renderer.csproj", "{C50C21FE-A5EA-4689-B568-0D432567EB97}"
EndProject
Project("{9A19103F-16F7-4668-BE54-9A1E7A4F7556}") = "RayCaster", "RayCaster\RayCaster.csproj", "{C8FEE165-A692-4F86-88BC-5DE00D84DE23}"
EndProject
Global
	GlobalSection(SolutionConfigurationPlatforms) = preSolution
		Debug|Any CPU = Debug|Any CPU
		Release|Any CPU = Release|Any CPU
	EndGlobalSection
	GlobalSection(ProjectConfigurationPlatforms) = postSolution
		{C50C21FE-A5EA-4689-B568-0D432567EB97}.Debug|Any CPU.ActiveCfg = Debug|Any CPU
		{C50C21FE-A5EA-4689-B568-0D432567EB97}.Debug|Any CPU.Build.0 = Debug|Any CPU
		{C50C21FE-A5EA-4689-B568-0D432567EB97}.Release|Any CPU.ActiveCfg = Release|Any CPU
		{C50C21FE-A5EA-4689-B568-0D432567EB97}.Release|Any CPU.Build.0 = Release|Any CPU
		{C8FEE165-A692-4F86-88BC-5DE00D84DE23}.Debug|Any CPU.ActiveCfg = Debug|Any CPU
		{C8FEE165-A692-4F86-88BC-5DE00D84DE23}.Debug|Any CPU.Build.0 = Debug|Any CPU
		{C8FEE165-A692-4F86-88BC-5DE00D84DE23}.Release|Any CPU.ActiveCfg = Release|Any CPU
		{C8FEE165-A692-4F86-88BC-5DE00D84DE23}.Release|Any CPU.Build.0 = Release|Any CPU
	EndGlobalSection
	GlobalSection(SolutionProperties) = preSolution
		HideSolutionNode = FALSE
	EndGlobalSection
	GlobalSection(ExtensibilityGlobals) = postSolution
		SolutionGuid = {93F9CA89-71AA-4383-80ED-6C114980C777}
	EndGlobalSection
EndGlobal
